
Microsoft Visual Studio Solution File, Format Version 12.00
# Visual Studio Version 17
VisualStudioVersion = 17.1.32228.430
MinimumVisualStudioVersion = 10.0.40219.1
Project("{9A19103F-16F7-4668-BE54-9A1E7A4F7556}") = "Ddon.Socket", "..\DdonFramework\src\Ddon.Socket\Ddon.Socket.csproj", "{D8CD4DBA-8EEB-41C4-A807-EDA4E1EADACD}"
EndProject
Project("{9A19103F-16F7-4668-BE54-9A1E7A4F7556}") = "Ddon.Core", "..\DdonFramework\src\Ddon.Core\Ddon.Core.csproj", "{B330F05D-CF49-4B99-AE3E-8185803B5D00}"
EndProject
Project("{9A19103F-16F7-4668-BE54-9A1E7A4F7556}") = "Ddon.Serilog", "..\DdonFramework\src\Ddon.Serilog\Ddon.Serilog.csproj", "{F3692FB7-1013-41F9-BA54-CA910F6781D8}"
EndProject
Project("{9A19103F-16F7-4668-BE54-9A1E7A4F7556}") = "DdonClipboardClient", "DdonClipboardClient\DdonClipboardClient.csproj", "{D1766291-455C-4897-904F-B214BBCD726C}"
EndProject
Project("{9A19103F-16F7-4668-BE54-9A1E7A4F7556}") = "DdonClipboardServer", "DdonClipboardServer\DdonClipboardServer.csproj", "{E4E70D66-D69F-4196-820D-3C38E5036A4B}"
EndProject
Project("{9A19103F-16F7-4668-BE54-9A1E7A4F7556}") = "Ddon.KeyValueStorage", "..\DdonFramework\src\Ddon.KeyValueStorage\Ddon.KeyValueStorage.csproj", "{8213538A-D0EB-4F5B-8A26-81D9C8E167C2}"
EndProject
Global
	GlobalSection(SolutionConfigurationPlatforms) = preSolution
		Debug|Any CPU = Debug|Any CPU
		Release|Any CPU = Release|Any CPU
	EndGlobalSection
	GlobalSection(ProjectConfigurationPlatforms) = postSolution
		{D8CD4DBA-8EEB-41C4-A807-EDA4E1EADACD}.Debug|Any CPU.ActiveCfg = Debug|Any CPU
		{D8CD4DBA-8EEB-41C4-A807-EDA4E1EADACD}.Debug|Any CPU.Build.0 = Debug|Any CPU
		{D8CD4DBA-8EEB-41C4-A807-EDA4E1EADACD}.Release|Any CPU.ActiveCfg = Release|Any CPU
		{D8CD4DBA-8EEB-41C4-A807-EDA4E1EADACD}.Release|Any CPU.Build.0 = Release|Any CPU
		{B330F05D-CF49-4B99-AE3E-8185803B5D00}.Debug|Any CPU.ActiveCfg = Debug|Any CPU
		{B330F05D-CF49-4B99-AE3E-8185803B5D00}.Debug|Any CPU.Build.0 = Debug|Any CPU
		{B330F05D-CF49-4B99-AE3E-8185803B5D00}.Release|Any CPU.ActiveCfg = Release|Any CPU
		{B330F05D-CF49-4B99-AE3E-8185803B5D00}.Release|Any CPU.Build.0 = Release|Any CPU
		{F3692FB7-1013-41F9-BA54-CA910F6781D8}.Debug|Any CPU.ActiveCfg = Debug|Any CPU
		{F3692FB7-1013-41F9-BA54-CA910F6781D8}.Debug|Any CPU.Build.0 = Debug|Any CPU
		{F3692FB7-1013-41F9-BA54-CA910F6781D8}.Release|Any CPU.ActiveCfg = Release|Any CPU
		{F3692FB7-1013-41F9-BA54-CA910F6781D8}.Release|Any CPU.Build.0 = Release|Any CPU
		{D1766291-455C-4897-904F-B214BBCD726C}.Debug|Any CPU.ActiveCfg = Debug|Any CPU
		{D1766291-455C-4897-904F-B214BBCD726C}.Debug|Any CPU.Build.0 = Debug|Any CPU
		{D1766291-455C-4897-904F-B214BBCD726C}.Release|Any CPU.ActiveCfg = Release|Any CPU
		{D1766291-455C-4897-904F-B214BBCD726C}.Release|Any CPU.Build.0 = Release|Any CPU
		{E4E70D66-D69F-4196-820D-3C38E5036A4B}.Debug|Any CPU.ActiveCfg = Debug|Any CPU
		{E4E70D66-D69F-4196-820D-3C38E5036A4B}.Debug|Any CPU.Build.0 = Debug|Any CPU
		{E4E70D66-D69F-4196-820D-3C38E5036A4B}.Release|Any CPU.ActiveCfg = Release|Any CPU
		{E4E70D66-D69F-4196-820D-3C38E5036A4B}.Release|Any CPU.Build.0 = Release|Any CPU
		{8213538A-D0EB-4F5B-8A26-81D9C8E167C2}.Debug|Any CPU.ActiveCfg = Debug|Any CPU
		{8213538A-D0EB-4F5B-8A26-81D9C8E167C2}.Debug|Any CPU.Build.0 = Debug|Any CPU
		{8213538A-D0EB-4F5B-8A26-81D9C8E167C2}.Release|Any CPU.ActiveCfg = Release|Any CPU
		{8213538A-D0EB-4F5B-8A26-81D9C8E167C2}.Release|Any CPU.Build.0 = Release|Any CPU
	EndGlobalSection
	GlobalSection(SolutionProperties) = preSolution
		HideSolutionNode = FALSE
	EndGlobalSection
	GlobalSection(ExtensibilityGlobals) = postSolution
		SolutionGuid = {DDB81047-C912-401C-A744-E3531E126DC9}
	EndGlobalSection
EndGlobal
